
Microsoft Visual Studio Solution File, Format Version 12.00
# Visual Studio Version 17
VisualStudioVersion = 17.4.33403.182
MinimumVisualStudioVersion = 10.0.40219.1
Project("{9A19103F-16F7-4668-BE54-9A1E7A4F7556}") = "CNNTest", "src\CNNTest\CNNTest.csproj", "{7018749A-801D-4029-913B-AC9B1027884F}"
EndProject
Project("{2150E333-8FDC-42A3-9474-1A3956D46DE8}") = "src", "src", "{F2737938-53A2-4241-972C-086661F3E96A}"
EndProject
Global
	GlobalSection(SolutionConfigurationPlatforms) = preSolution
		Debug|Any CPU = Debug|Any CPU
		Release|Any CPU = Release|Any CPU
	EndGlobalSection
	GlobalSection(ProjectConfigurationPlatforms) = postSolution
		{7018749A-801D-4029-913B-AC9B1027884F}.Debug|Any CPU.ActiveCfg = Debug|Any CPU
		{7018749A-801D-4029-913B-AC9B1027884F}.Debug|Any CPU.Build.0 = Debug|Any CPU
		{7018749A-801D-4029-913B-AC9B1027884F}.Release|Any CPU.ActiveCfg = Release|Any CPU
		{7018749A-801D-4029-913B-AC9B1027884F}.Release|Any CPU.Build.0 = Release|Any CPU
	EndGlobalSection
	GlobalSection(SolutionProperties) = preSolution
		HideSolutionNode = FALSE
	EndGlobalSection
	GlobalSection(NestedProjects) = preSolution
		{7018749A-801D-4029-913B-AC9B1027884F} = {F2737938-53A2-4241-972C-086661F3E96A}
	EndGlobalSection
	GlobalSection(ExtensibilityGlobals) = postSolution
		SolutionGuid = {B55EA0E7-1449-42E5-9756-2F8637EBF27C}
	EndGlobalSection
EndGlobal
